
Microsoft Visual Studio Solution File, Format Version 12.00
# Visual Studio Version 17
VisualStudioVersion = 17.3.32929.385
MinimumVisualStudioVersion = 10.0.40219.1
Project("{FAE04EC0-301F-11D3-BF4B-00C04F79EFBC}") = "Event", "Event\Event.csproj", "{65D59F03-A86C-49BB-9379-C8AF9000267B}"
EndProject
Global
	GlobalSection(SolutionConfigurationPlatforms) = preSolution
		Debug|Any CPU = Debug|Any CPU
		Release|Any CPU = Release|Any CPU
	EndGlobalSection
	GlobalSection(ProjectConfigurationPlatforms) = postSolution
		{65D59F03-A86C-49BB-9379-C8AF9000267B}.Debug|Any CPU.ActiveCfg = Debug|Any CPU
		{65D59F03-A86C-49BB-9379-C8AF9000267B}.Debug|Any CPU.Build.0 = Debug|Any CPU
		{65D59F03-A86C-49BB-9379-C8AF9000267B}.Release|Any CPU.ActiveCfg = Release|Any CPU
		{65D59F03-A86C-49BB-9379-C8AF9000267B}.Release|Any CPU.Build.0 = Release|Any CPU
	EndGlobalSection
	GlobalSection(SolutionProperties) = preSolution
		HideSolutionNode = FALSE
	EndGlobalSection
	GlobalSection(ExtensibilityGlobals) = postSolution
		SolutionGuid = {73AEB942-2E51-4B0F-B6A5-63B50C5EA7D4}
	EndGlobalSection
EndGlobal
