
Microsoft Visual Studio Solution File, Format Version 12.00
# Visual Studio Version 17
VisualStudioVersion = 17.4.33213.308
MinimumVisualStudioVersion = 10.0.40219.1
Project("{FAE04EC0-301F-11D3-BF4B-00C04F79EFBC}") = "RazorpageWebapp", "RazorpageWebapp\RazorpageWebapp.csproj", "{BD06D452-25C8-4BF6-8CA4-8C80895C6076}"
EndProject
Global
	GlobalSection(SolutionConfigurationPlatforms) = preSolution
		Debug|Any CPU = Debug|Any CPU
		Release|Any CPU = Release|Any CPU
	EndGlobalSection
	GlobalSection(ProjectConfigurationPlatforms) = postSolution
		{BD06D452-25C8-4BF6-8CA4-8C80895C6076}.Debug|Any CPU.ActiveCfg = Debug|Any CPU
		{BD06D452-25C8-4BF6-8CA4-8C80895C6076}.Debug|Any CPU.Build.0 = Debug|Any CPU
		{BD06D452-25C8-4BF6-8CA4-8C80895C6076}.Release|Any CPU.ActiveCfg = Release|Any CPU
		{BD06D452-25C8-4BF6-8CA4-8C80895C6076}.Release|Any CPU.Build.0 = Release|Any CPU
	EndGlobalSection
	GlobalSection(SolutionProperties) = preSolution
		HideSolutionNode = FALSE
	EndGlobalSection
	GlobalSection(ExtensibilityGlobals) = postSolution
		SolutionGuid = {DBA68868-F7B8-4CD9-A9DF-50F3F2483BEF}
	EndGlobalSection
EndGlobal
