
Microsoft Visual Studio Solution File, Format Version 12.00
# Visual Studio Version 17
VisualStudioVersion = 17.3.32929.385
MinimumVisualStudioVersion = 10.0.40219.1
Project("{FAE04EC0-301F-11D3-BF4B-00C04F79EFBC}") = "phuongthucmorong", "phuongthucmorong\phuongthucmorong.csproj", "{FCD83175-85A4-4DF8-8D00-353E596BB5E2}"
EndProject
Global
	GlobalSection(SolutionConfigurationPlatforms) = preSolution
		Debug|Any CPU = Debug|Any CPU
		Release|Any CPU = Release|Any CPU
	EndGlobalSection
	GlobalSection(ProjectConfigurationPlatforms) = postSolution
		{FCD83175-85A4-4DF8-8D00-353E596BB5E2}.Debug|Any CPU.ActiveCfg = Debug|Any CPU
		{FCD83175-85A4-4DF8-8D00-353E596BB5E2}.Debug|Any CPU.Build.0 = Debug|Any CPU
		{FCD83175-85A4-4DF8-8D00-353E596BB5E2}.Release|Any CPU.ActiveCfg = Release|Any CPU
		{FCD83175-85A4-4DF8-8D00-353E596BB5E2}.Release|Any CPU.Build.0 = Release|Any CPU
	EndGlobalSection
	GlobalSection(SolutionProperties) = preSolution
		HideSolutionNode = FALSE
	EndGlobalSection
	GlobalSection(ExtensibilityGlobals) = postSolution
		SolutionGuid = {1E14E858-7153-495E-8882-21DB694ABCDD}
	EndGlobalSection
EndGlobal
