
Microsoft Visual Studio Solution File, Format Version 12.00
# Visual Studio Version 17
VisualStudioVersion = 17.4.33213.308
MinimumVisualStudioVersion = 10.0.40219.1
Project("{FAE04EC0-301F-11D3-BF4B-00C04F79EFBC}") = "EF1", "EF1\EF1.csproj", "{B0246058-03D4-407E-B979-39B6656ED964}"
EndProject
Global
	GlobalSection(SolutionConfigurationPlatforms) = preSolution
		Debug|Any CPU = Debug|Any CPU
		Release|Any CPU = Release|Any CPU
	EndGlobalSection
	GlobalSection(ProjectConfigurationPlatforms) = postSolution
		{B0246058-03D4-407E-B979-39B6656ED964}.Debug|Any CPU.ActiveCfg = Debug|Any CPU
		{B0246058-03D4-407E-B979-39B6656ED964}.Debug|Any CPU.Build.0 = Debug|Any CPU
		{B0246058-03D4-407E-B979-39B6656ED964}.Release|Any CPU.ActiveCfg = Release|Any CPU
		{B0246058-03D4-407E-B979-39B6656ED964}.Release|Any CPU.Build.0 = Release|Any CPU
	EndGlobalSection
	GlobalSection(SolutionProperties) = preSolution
		HideSolutionNode = FALSE
	EndGlobalSection
	GlobalSection(ExtensibilityGlobals) = postSolution
		SolutionGuid = {D7E12A9F-D7F7-4E57-9DB5-96AC40CDA08D}
	EndGlobalSection
EndGlobal
