
Microsoft Visual Studio Solution File, Format Version 12.00
# Visual Studio Version 17
VisualStudioVersion = 17.4.33213.308
MinimumVisualStudioVersion = 10.0.40219.1
Project("{FAE04EC0-301F-11D3-BF4B-00C04F79EFBC}") = "HttpMessageHandler", "HttpMessageHandler\HttpMessageHandler.csproj", "{A15BCB4E-3255-4161-B3E3-DF5FDC89050E}"
EndProject
Global
	GlobalSection(SolutionConfigurationPlatforms) = preSolution
		Debug|Any CPU = Debug|Any CPU
		Release|Any CPU = Release|Any CPU
	EndGlobalSection
	GlobalSection(ProjectConfigurationPlatforms) = postSolution
		{A15BCB4E-3255-4161-B3E3-DF5FDC89050E}.Debug|Any CPU.ActiveCfg = Debug|Any CPU
		{A15BCB4E-3255-4161-B3E3-DF5FDC89050E}.Debug|Any CPU.Build.0 = Debug|Any CPU
		{A15BCB4E-3255-4161-B3E3-DF5FDC89050E}.Release|Any CPU.ActiveCfg = Release|Any CPU
		{A15BCB4E-3255-4161-B3E3-DF5FDC89050E}.Release|Any CPU.Build.0 = Release|Any CPU
	EndGlobalSection
	GlobalSection(SolutionProperties) = preSolution
		HideSolutionNode = FALSE
	EndGlobalSection
	GlobalSection(ExtensibilityGlobals) = postSolution
		SolutionGuid = {63E11935-B944-4877-9D6E-2D9D61454F5D}
	EndGlobalSection
EndGlobal
