
Microsoft Visual Studio Solution File, Format Version 12.00
# Visual Studio Version 17
VisualStudioVersion = 17.4.33213.308
MinimumVisualStudioVersion = 10.0.40219.1
Project("{FAE04EC0-301F-11D3-BF4B-00C04F79EFBC}") = "TestKiemTraWeb", "TestKiemTraWeb\TestKiemTraWeb.csproj", "{45F10D9E-F130-405D-9687-E6E6C254D751}"
EndProject
Global
	GlobalSection(SolutionConfigurationPlatforms) = preSolution
		Debug|Any CPU = Debug|Any CPU
		Release|Any CPU = Release|Any CPU
	EndGlobalSection
	GlobalSection(ProjectConfigurationPlatforms) = postSolution
		{45F10D9E-F130-405D-9687-E6E6C254D751}.Debug|Any CPU.ActiveCfg = Debug|Any CPU
		{45F10D9E-F130-405D-9687-E6E6C254D751}.Debug|Any CPU.Build.0 = Debug|Any CPU
		{45F10D9E-F130-405D-9687-E6E6C254D751}.Release|Any CPU.ActiveCfg = Release|Any CPU
		{45F10D9E-F130-405D-9687-E6E6C254D751}.Release|Any CPU.Build.0 = Release|Any CPU
	EndGlobalSection
	GlobalSection(SolutionProperties) = preSolution
		HideSolutionNode = FALSE
	EndGlobalSection
	GlobalSection(ExtensibilityGlobals) = postSolution
		SolutionGuid = {5FEF074B-EBD2-4625-993A-AEFC8F0FFB09}
	EndGlobalSection
EndGlobal
